// !$*UTF8*$!
{
	archiveVersion = 1;
	classes = {
	};
	objectVersion = 46;
	objects = {

/* Begin PBXBuildFile section */
		A131371E1F4C073000E777DE /* MainViewController.m in Sources */ = {isa = PBXBuildFile; fileRef = A131371D1F4C073000E777DE /* MainViewController.m */; };
		A155E5991F4D665C00171235 /* schools.json in Resources */ = {isa = PBXBuildFile; fileRef = A155E5981F4D665C00171235 /* schools.json */; };
		A1ACAEDF1F4BFFB90082BD34 /* AppDelegate.m in Sources */ = {isa = PBXBuildFile; fileRef = A1ACAEDE1F4BFFB90082BD34 /* AppDelegate.m */; };
		A1ACAEE21F4BFFB90082BD34 /* main.m in Sources */ = {isa = PBXBuildFile; fileRef = A1ACAEE11F4BFFB90082BD34 /* main.m */; };
		A1ACAEE71F4BFFB90082BD34 /* Assets.xcassets in Resources */ = {isa = PBXBuildFile; fileRef = A1ACAEE61F4BFFB90082BD34 /* Assets.xcassets */; };
		A1ACAEEA1F4BFFB90082BD34 /* Main.storyboard in Resources */ = {isa = PBXBuildFile; fileRef = A1ACAEE81F4BFFB90082BD34 /* Main.storyboard */; };
		A1ACAEF51F4BFFB90082BD34 /* ALI_SchemaTests.m in Sources */ = {isa = PBXBuildFile; fileRef = A1ACAEF41F4BFFB90082BD34 /* ALI_SchemaTests.m */; };
		A1ACAF001F4BFFB90082BD34 /* ALI_SchemaUITests.m in Sources */ = {isa = PBXBuildFile; fileRef = A1ACAEFF1F4BFFB90082BD34 /* ALI_SchemaUITests.m */; };
		A1EF3B6C1F4C19B90025A263 /* AddViewController.m in Sources */ = {isa = PBXBuildFile; fileRef = A1EF3B6A1F4C19B90025A263 /* AddViewController.m */; };
		A1EF3B6D1F4C19B90025A263 /* AddViewController.xib in Resources */ = {isa = PBXBuildFile; fileRef = A1EF3B6B1F4C19B90025A263 /* AddViewController.xib */; };
		B387DE8DBFAF248A3AD32FAE /* libPods-ALI-Schema.a in Frameworks */ = {isa = PBXBuildFile; fileRef = 06F3D18B6CDBD82FFCAA60B3 /* libPods-ALI-Schema.a */; };
		C35E88287563E89D4B42951A /* libPods-ALI-SchemaTests.a in Frameworks */ = {isa = PBXBuildFile; fileRef = 1F6CCDA491A10772EB003E8F /* libPods-ALI-SchemaTests.a */; };
		C5A97A70E54BAC28E1014125 /* libPods-ALI-SchemaUITests.a in Frameworks */ = {isa = PBXBuildFile; fileRef = 55D0A2A5D2ADD4935DAE31AB /* libPods-ALI-SchemaUITests.a */; };
/* End PBXBuildFile section */

/* Begin PBXContainerItemProxy section */
		A1ACAEF11F4BFFB90082BD34 /* PBXContainerItemProxy */ = {
			isa = PBXContainerItemProxy;
			containerPortal = A1ACAED21F4BFFB90082BD34 /* Project object */;
			proxyType = 1;
			remoteGlobalIDString = A1ACAED91F4BFFB90082BD34;
			remoteInfo = "ALI-Schema";
		};
		A1ACAEFC1F4BFFB90082BD34 /* PBXContainerItemProxy */ = {
			isa = PBXContainerItemProxy;
			containerPortal = A1ACAED21F4BFFB90082BD34 /* Project object */;
			proxyType = 1;
			remoteGlobalIDString = A1ACAED91F4BFFB90082BD34;
			remoteInfo = "ALI-Schema";
		};
/* End PBXContainerItemProxy section */

/* Begin PBXFileReference section */
		06F3D18B6CDBD82FFCAA60B3 /* libPods-ALI-Schema.a */ = {isa = PBXFileReference; explicitFileType = archive.ar; includeInIndex = 0; path = "libPods-ALI-Schema.a"; sourceTree = BUILT_PRODUCTS_DIR; };
		0E99B7239F5E46C0CD0D10D3 /* Pods-ALI-SchemaUITests.debug.xcconfig */ = {isa = PBXFileReference; includeInIndex = 1; lastKnownFileType = text.xcconfig; name = "Pods-ALI-SchemaUITests.debug.xcconfig"; path = "Pods/Target Support Files/Pods-ALI-SchemaUITests/Pods-ALI-SchemaUITests.debug.xcconfig"; sourceTree = "<group>"; };
		1F6CCDA491A10772EB003E8F /* libPods-ALI-SchemaTests.a */ = {isa = PBXFileReference; explicitFileType = archive.ar; includeInIndex = 0; path = "libPods-ALI-SchemaTests.a"; sourceTree = BUILT_PRODUCTS_DIR; };
		43BA99EFE65614C66F629EB9 /* Pods-ALI-Schema.debug.xcconfig */ = {isa = PBXFileReference; includeInIndex = 1; lastKnownFileType = text.xcconfig; name = "Pods-ALI-Schema.debug.xcconfig"; path = "Pods/Target Support Files/Pods-ALI-Schema/Pods-ALI-Schema.debug.xcconfig"; sourceTree = "<group>"; };
		55D0A2A5D2ADD4935DAE31AB /* libPods-ALI-SchemaUITests.a */ = {isa = PBXFileReference; explicitFileType = archive.ar; includeInIndex = 0; path = "libPods-ALI-SchemaUITests.a"; sourceTree = BUILT_PRODUCTS_DIR; };
		7F6E7C7769B41723F94E994D /* Pods-ALI-SchemaTests.debug.xcconfig */ = {isa = PBXFileReference; includeInIndex = 1; lastKnownFileType = text.xcconfig; name = "Pods-ALI-SchemaTests.debug.xcconfig"; path = "Pods/Target Support Files/Pods-ALI-SchemaTests/Pods-ALI-SchemaTests.debug.xcconfig"; sourceTree = "<group>"; };
		814A930C45CDEDA5EF130001 /* Pods-ALI-SchemaUITests.release.xcconfig */ = {isa = PBXFileReference; includeInIndex = 1; lastKnownFileType = text.xcconfig; name = "Pods-ALI-SchemaUITests.release.xcconfig"; path = "Pods/Target Support Files/Pods-ALI-SchemaUITests/Pods-ALI-SchemaUITests.release.xcconfig"; sourceTree = "<group>"; };
		A131371C1F4C073000E777DE /* MainViewController.h */ = {isa = PBXFileReference; fileEncoding = 4; lastKnownFileType = sourcecode.c.h; path = MainViewController.h; sourceTree = "<group>"; };
		A131371D1F4C073000E777DE /* MainViewController.m */ = {isa = PBXFileReference; fileEncoding = 4; lastKnownFileType = sourcecode.c.objc; path = MainViewController.m; sourceTree = "<group>"; };
		A155E5981F4D665C00171235 /* schools.json */ = {isa = PBXFileReference; fileEncoding = 4; lastKnownFileType = text.json; path = schools.json; sourceTree = "<group>"; };
		A1ACAEDA1F4BFFB90082BD34 /* ALI-Schema.app */ = {isa = PBXFileReference; explicitFileType = wrapper.application; includeInIndex = 0; path = "ALI-Schema.app"; sourceTree = BUILT_PRODUCTS_DIR; };
		A1ACAEDD1F4BFFB90082BD34 /* AppDelegate.h */ = {isa = PBXFileReference; lastKnownFileType = sourcecode.c.h; path = AppDelegate.h; sourceTree = "<group>"; };
		A1ACAEDE1F4BFFB90082BD34 /* AppDelegate.m */ = {isa = PBXFileReference; lastKnownFileType = sourcecode.c.objc; path = AppDelegate.m; sourceTree = "<group>"; };
		A1ACAEE11F4BFFB90082BD34 /* main.m */ = {isa = PBXFileReference; lastKnownFileType = sourcecode.c.objc; path = main.m; sourceTree = "<group>"; };
		A1ACAEE61F4BFFB90082BD34 /* Assets.xcassets */ = {isa = PBXFileReference; lastKnownFileType = folder.assetcatalog; path = Assets.xcassets; sourceTree = "<group>"; };
		A1ACAEE91F4BFFB90082BD34 /* Base */ = {isa = PBXFileReference; lastKnownFileType = file.storyboard; name = Base; path = Base.lproj/Main.storyboard; sourceTree = "<group>"; };
		A1ACAEEB1F4BFFB90082BD34 /* Info.plist */ = {isa = PBXFileReference; lastKnownFileType = text.plist.xml; path = Info.plist; sourceTree = "<group>"; };
		A1ACAEF01F4BFFB90082BD34 /* ALI-SchemaTests.xctest */ = {isa = PBXFileReference; explicitFileType = wrapper.cfbundle; includeInIndex = 0; path = "ALI-SchemaTests.xctest"; sourceTree = BUILT_PRODUCTS_DIR; };
		A1ACAEF41F4BFFB90082BD34 /* ALI_SchemaTests.m */ = {isa = PBXFileReference; lastKnownFileType = sourcecode.c.objc; path = ALI_SchemaTests.m; sourceTree = "<group>"; };
		A1ACAEF61F4BFFB90082BD34 /* Info.plist */ = {isa = PBXFileReference; lastKnownFileType = text.plist.xml; path = Info.plist; sourceTree = "<group>"; };
		A1ACAEFB1F4BFFB90082BD34 /* ALI-SchemaUITests.xctest */ = {isa = PBXFileReference; explicitFileType = wrapper.cfbundle; includeInIndex = 0; path = "ALI-SchemaUITests.xctest"; sourceTree = BUILT_PRODUCTS_DIR; };
		A1ACAEFF1F4BFFB90082BD34 /* ALI_SchemaUITests.m */ = {isa = PBXFileReference; lastKnownFileType = sourcecode.c.objc; path = ALI_SchemaUITests.m; sourceTree = "<group>"; };
		A1ACAF011F4BFFB90082BD34 /* Info.plist */ = {isa = PBXFileReference; lastKnownFileType = text.plist.xml; path = Info.plist; sourceTree = "<group>"; };
		A1EF3B691F4C19B90025A263 /* AddViewController.h */ = {isa = PBXFileReference; fileEncoding = 4; lastKnownFileType = sourcecode.c.h; path = AddViewController.h; sourceTree = "<group>"; };
		A1EF3B6A1F4C19B90025A263 /* AddViewController.m */ = {isa = PBXFileReference; fileEncoding = 4; lastKnownFileType = sourcecode.c.objc; path = AddViewController.m; sourceTree = "<group>"; };
		A1EF3B6B1F4C19B90025A263 /* AddViewController.xib */ = {isa = PBXFileReference; fileEncoding = 4; lastKnownFileType = file.xib; path = AddViewController.xib; sourceTree = "<group>"; };
		CB9BF11E482929DD727E9D4E /* Pods-ALI-SchemaTests.release.xcconfig */ = {isa = PBXFileReference; includeInIndex = 1; lastKnownFileType = text.xcconfig; name = "Pods-ALI-SchemaTests.release.xcconfig"; path = "Pods/Target Support Files/Pods-ALI-SchemaTests/Pods-ALI-SchemaTests.release.xcconfig"; sourceTree = "<group>"; };
		D401AD59D99EF9CA4E490D6C /* Pods-ALI-Schema.release.xcconfig */ = {isa = PBXFileReference; includeInIndex = 1; lastKnownFileType = text.xcconfig; name = "Pods-ALI-Schema.release.xcconfig"; path = "Pods/Target Support Files/Pods-ALI-Schema/Pods-ALI-Schema.release.xcconfig"; sourceTree = "<group>"; };
/* End PBXFileReference section */

/* Begin PBXFrameworksBuildPhase section */
		A1ACAED71F4BFFB90082BD34 /* Frameworks */ = {
			isa = PBXFrameworksBuildPhase;
			buildActionMask = 2147483647;
			files = (
				B387DE8DBFAF248A3AD32FAE /* libPods-ALI-Schema.a in Frameworks */,
			);
			runOnlyForDeploymentPostprocessing = 0;
		};
		A1ACAEED1F4BFFB90082BD34 /* Frameworks */ = {
			isa = PBXFrameworksBuildPhase;
			buildActionMask = 2147483647;
			files = (
				C35E88287563E89D4B42951A /* libPods-ALI-SchemaTests.a in Frameworks */,
			);
			runOnlyForDeploymentPostprocessing = 0;
		};
		A1ACAEF81F4BFFB90082BD34 /* Frameworks */ = {
			isa = PBXFrameworksBuildPhase;
			buildActionMask = 2147483647;
			files = (
				C5A97A70E54BAC28E1014125 /* libPods-ALI-SchemaUITests.a in Frameworks */,
			);
			runOnlyForDeploymentPostprocessing = 0;
		};
/* End PBXFrameworksBuildPhase section */

/* Begin PBXGroup section */
		31E2D01A6BB531CB95C27EE8 /* Pods */ = {
			isa = PBXGroup;
			children = (
				43BA99EFE65614C66F629EB9 /* Pods-ALI-Schema.debug.xcconfig */,
				D401AD59D99EF9CA4E490D6C /* Pods-ALI-Schema.release.xcconfig */,
				7F6E7C7769B41723F94E994D /* Pods-ALI-SchemaTests.debug.xcconfig */,
				CB9BF11E482929DD727E9D4E /* Pods-ALI-SchemaTests.release.xcconfig */,
				0E99B7239F5E46C0CD0D10D3 /* Pods-ALI-SchemaUITests.debug.xcconfig */,
				814A930C45CDEDA5EF130001 /* Pods-ALI-SchemaUITests.release.xcconfig */,
			);
			name = Pods;
			sourceTree = "<group>";
		};
		A131371F1F4C073400E777DE /* Classes */ = {
			isa = PBXGroup;
			children = (
				A1ACAEDD1F4BFFB90082BD34 /* AppDelegate.h */,
				A1ACAEDE1F4BFFB90082BD34 /* AppDelegate.m */,
				A131371C1F4C073000E777DE /* MainViewController.h */,
				A131371D1F4C073000E777DE /* MainViewController.m */,
				A1EF3B691F4C19B90025A263 /* AddViewController.h */,
				A1EF3B6A1F4C19B90025A263 /* AddViewController.m */,
				A1EF3B6B1F4C19B90025A263 /* AddViewController.xib */,
			);
			name = Classes;
			sourceTree = "<group>";
		};
		A13137201F4C073C00E777DE /* User Interface */ = {
			isa = PBXGroup;
			children = (
				A1ACAEE81F4BFFB90082BD34 /* Main.storyboard */,
			);
			name = "User Interface";
			sourceTree = "<group>";
		};
		A1ACAED11F4BFFB90082BD34 = {
			isa = PBXGroup;
			children = (
				A1ACAEDC1F4BFFB90082BD34 /* ALI-Schema */,
				A1ACAEF31F4BFFB90082BD34 /* ALI-SchemaTests */,
				A1ACAEFE1F4BFFB90082BD34 /* ALI-SchemaUITests */,
				A1ACAEDB1F4BFFB90082BD34 /* Products */,
				31E2D01A6BB531CB95C27EE8 /* Pods */,
				D0DDDE8B7831B0FF0056607E /* Frameworks */,
			);
			sourceTree = "<group>";
		};
		A1ACAEDB1F4BFFB90082BD34 /* Products */ = {
			isa = PBXGroup;
			children = (
				A1ACAEDA1F4BFFB90082BD34 /* ALI-Schema.app */,
				A1ACAEF01F4BFFB90082BD34 /* ALI-SchemaTests.xctest */,
				A1ACAEFB1F4BFFB90082BD34 /* ALI-SchemaUITests.xctest */,
			);
			name = Products;
			sourceTree = "<group>";
		};
		A1ACAEDC1F4BFFB90082BD34 /* ALI-Schema */ = {
			isa = PBXGroup;
			children = (
				A13137201F4C073C00E777DE /* User Interface */,
				A131371F1F4C073400E777DE /* Classes */,
				A1ACAEE61F4BFFB90082BD34 /* Assets.xcassets */,
				A1ACAEEB1F4BFFB90082BD34 /* Info.plist */,
				A1ACAEE01F4BFFB90082BD34 /* Supporting Files */,
			);
			path = "ALI-Schema";
			sourceTree = "<group>";
		};
		A1ACAEE01F4BFFB90082BD34 /* Supporting Files */ = {
			isa = PBXGroup;
			children = (
				A155E5981F4D665C00171235 /* schools.json */,
				A1ACAEE11F4BFFB90082BD34 /* main.m */,
			);
			name = "Supporting Files";
			sourceTree = "<group>";
		};
		A1ACAEF31F4BFFB90082BD34 /* ALI-SchemaTests */ = {
			isa = PBXGroup;
			children = (
				A1ACAEF41F4BFFB90082BD34 /* ALI_SchemaTests.m */,
				A1ACAEF61F4BFFB90082BD34 /* Info.plist */,
			);
			path = "ALI-SchemaTests";
			sourceTree = "<group>";
		};
		A1ACAEFE1F4BFFB90082BD34 /* ALI-SchemaUITests */ = {
			isa = PBXGroup;
			children = (
				A1ACAEFF1F4BFFB90082BD34 /* ALI_SchemaUITests.m */,
				A1ACAF011F4BFFB90082BD34 /* Info.plist */,
			);
			path = "ALI-SchemaUITests";
			sourceTree = "<group>";
		};
		D0DDDE8B7831B0FF0056607E /* Frameworks */ = {
			isa = PBXGroup;
			children = (
				06F3D18B6CDBD82FFCAA60B3 /* libPods-ALI-Schema.a */,
				1F6CCDA491A10772EB003E8F /* libPods-ALI-SchemaTests.a */,
				55D0A2A5D2ADD4935DAE31AB /* libPods-ALI-SchemaUITests.a */,
			);
			name = Frameworks;
			sourceTree = "<group>";
		};
/* End PBXGroup section */

/* Begin PBXNativeTarget section */
		A1ACAED91F4BFFB90082BD34 /* ALI-Schema */ = {
			isa = PBXNativeTarget;
			buildConfigurationList = A1ACAF041F4BFFB90082BD34 /* Build configuration list for PBXNativeTarget "ALI-Schema" */;
			buildPhases = (
				09A0D3685E39A25092D4A905 /* [CP] Check Pods Manifest.lock */,
				A1ACAED61F4BFFB90082BD34 /* Sources */,
				A1ACAED71F4BFFB90082BD34 /* Frameworks */,
				A13137191F4C007200E777DE /* ShellScript */,
				A1ACAED81F4BFFB90082BD34 /* Resources */,
				A6C13E3F34C35F7146336121 /* [CP] Embed Pods Frameworks */,
				74EF67CAD50AEAF80153C77A /* [CP] Copy Pods Resources */,
			);
			buildRules = (
			);
			dependencies = (
			);
			name = "ALI-Schema";
			productName = "ALI-Schema";
			productReference = A1ACAEDA1F4BFFB90082BD34 /* ALI-Schema.app */;
			productType = "com.apple.product-type.application";
		};
		A1ACAEEF1F4BFFB90082BD34 /* ALI-SchemaTests */ = {
			isa = PBXNativeTarget;
			buildConfigurationList = A1ACAF071F4BFFB90082BD34 /* Build configuration list for PBXNativeTarget "ALI-SchemaTests" */;
			buildPhases = (
				3BF99D2B350EFB7D795601D7 /* [CP] Check Pods Manifest.lock */,
				A1ACAEEC1F4BFFB90082BD34 /* Sources */,
				A1ACAEED1F4BFFB90082BD34 /* Frameworks */,
				A1ACAEEE1F4BFFB90082BD34 /* Resources */,
				6D247192287054CE1166C518 /* [CP] Embed Pods Frameworks */,
				E822EF0A69D830AF463FE95A /* [CP] Copy Pods Resources */,
			);
			buildRules = (
			);
			dependencies = (
				A1ACAEF21F4BFFB90082BD34 /* PBXTargetDependency */,
			);
			name = "ALI-SchemaTests";
			productName = "ALI-SchemaTests";
			productReference = A1ACAEF01F4BFFB90082BD34 /* ALI-SchemaTests.xctest */;
			productType = "com.apple.product-type.bundle.unit-test";
		};
		A1ACAEFA1F4BFFB90082BD34 /* ALI-SchemaUITests */ = {
			isa = PBXNativeTarget;
			buildConfigurationList = A1ACAF0A1F4BFFB90082BD34 /* Build configuration list for PBXNativeTarget "ALI-SchemaUITests" */;
			buildPhases = (
				D07F1C47DDB2B16C4A044D61 /* [CP] Check Pods Manifest.lock */,
				A1ACAEF71F4BFFB90082BD34 /* Sources */,
				A1ACAEF81F4BFFB90082BD34 /* Frameworks */,
				A1ACAEF91F4BFFB90082BD34 /* Resources */,
				232E614969C542544F7D7D7B /* [CP] Embed Pods Frameworks */,
				B6F88A87ED6D5D7F2C4E0D33 /* [CP] Copy Pods Resources */,
			);
			buildRules = (
			);
			dependencies = (
				A1ACAEFD1F4BFFB90082BD34 /* PBXTargetDependency */,
			);
			name = "ALI-SchemaUITests";
			productName = "ALI-SchemaUITests";
			productReference = A1ACAEFB1F4BFFB90082BD34 /* ALI-SchemaUITests.xctest */;
			productType = "com.apple.product-type.bundle.ui-testing";
		};
/* End PBXNativeTarget section */

/* Begin PBXProject section */
		A1ACAED21F4BFFB90082BD34 /* Project object */ = {
			isa = PBXProject;
			attributes = {
				LastUpgradeCheck = 0830;
				ORGANIZATIONNAME = "ALI-Team";
				TargetAttributes = {
					A1ACAED91F4BFFB90082BD34 = {
						CreatedOnToolsVersion = 8.3.3;
						DevelopmentTeam = R984C6N435;
						ProvisioningStyle = Automatic;
					};
					A1ACAEEF1F4BFFB90082BD34 = {
						CreatedOnToolsVersion = 8.3.3;
						DevelopmentTeam = R984C6N435;
						ProvisioningStyle = Automatic;
						TestTargetID = A1ACAED91F4BFFB90082BD34;
					};
					A1ACAEFA1F4BFFB90082BD34 = {
						CreatedOnToolsVersion = 8.3.3;
						DevelopmentTeam = R984C6N435;
						ProvisioningStyle = Automatic;
						TestTargetID = A1ACAED91F4BFFB90082BD34;
					};
				};
			};
			buildConfigurationList = A1ACAED51F4BFFB90082BD34 /* Build configuration list for PBXProject "ALI-Schema" */;
			compatibilityVersion = "Xcode 3.2";
			developmentRegion = English;
			hasScannedForEncodings = 0;
			knownRegions = (
				en,
				Base,
			);
			mainGroup = A1ACAED11F4BFFB90082BD34;
			productRefGroup = A1ACAEDB1F4BFFB90082BD34 /* Products */;
			projectDirPath = "";
			projectRoot = "";
			targets = (
				A1ACAED91F4BFFB90082BD34 /* ALI-Schema */,
				A1ACAEEF1F4BFFB90082BD34 /* ALI-SchemaTests */,
				A1ACAEFA1F4BFFB90082BD34 /* ALI-SchemaUITests */,
			);
		};
/* End PBXProject section */

/* Begin PBXResourcesBuildPhase section */
		A1ACAED81F4BFFB90082BD34 /* Resources */ = {
			isa = PBXResourcesBuildPhase;
			buildActionMask = 2147483647;
			files = (
				A1EF3B6D1F4C19B90025A263 /* AddViewController.xib in Resources */,
				A1ACAEE71F4BFFB90082BD34 /* Assets.xcassets in Resources */,
				A1ACAEEA1F4BFFB90082BD34 /* Main.storyboard in Resources */,
				A155E5991F4D665C00171235 /* schools.json in Resources */,
			);
			runOnlyForDeploymentPostprocessing = 0;
		};
		A1ACAEEE1F4BFFB90082BD34 /* Resources */ = {
			isa = PBXResourcesBuildPhase;
			buildActionMask = 2147483647;
			files = (
			);
			runOnlyForDeploymentPostprocessing = 0;
		};
		A1ACAEF91F4BFFB90082BD34 /* Resources */ = {
			isa = PBXResourcesBuildPhase;
			buildActionMask = 2147483647;
			files = (
			);
			runOnlyForDeploymentPostprocessing = 0;
		};
/* End PBXResourcesBuildPhase section */

/* Begin PBXShellScriptBuildPhase section */
		09A0D3685E39A25092D4A905 /* [CP] Check Pods Manifest.lock */ = {
			isa = PBXShellScriptBuildPhase;
			buildActionMask = 2147483647;
			files = (
			);
			inputPaths = (
			);
			name = "[CP] Check Pods Manifest.lock";
			outputPaths = (
			);
			runOnlyForDeploymentPostprocessing = 0;
			shellPath = /bin/sh;
			shellScript = "diff \"${PODS_ROOT}/../Podfile.lock\" \"${PODS_ROOT}/Manifest.lock\" > /dev/null\nif [ $? != 0 ] ; then\n    # print error to STDERR\n    echo \"error: The sandbox is not in sync with the Podfile.lock. Run 'pod install' or update your CocoaPods installation.\" >&2\n    exit 1\nfi\n";
			showEnvVarsInLog = 0;
		};
		232E614969C542544F7D7D7B /* [CP] Embed Pods Frameworks */ = {
			isa = PBXShellScriptBuildPhase;
			buildActionMask = 2147483647;
			files = (
			);
			inputPaths = (
			);
			name = "[CP] Embed Pods Frameworks";
			outputPaths = (
			);
			runOnlyForDeploymentPostprocessing = 0;
			shellPath = /bin/sh;
			shellScript = "\"${SRCROOT}/Pods/Target Support Files/Pods-ALI-SchemaUITests/Pods-ALI-SchemaUITests-frameworks.sh\"\n";
			showEnvVarsInLog = 0;
		};
		3BF99D2B350EFB7D795601D7 /* [CP] Check Pods Manifest.lock */ = {
			isa = PBXShellScriptBuildPhase;
			buildActionMask = 2147483647;
			files = (
			);
			inputPaths = (
			);
			name = "[CP] Check Pods Manifest.lock";
			outputPaths = (
			);
			runOnlyForDeploymentPostprocessing = 0;
			shellPath = /bin/sh;
			shellScript = "diff \"${PODS_ROOT}/../Podfile.lock\" \"${PODS_ROOT}/Manifest.lock\" > /dev/null\nif [ $? != 0 ] ; then\n    # print error to STDERR\n    echo \"error: The sandbox is not in sync with the Podfile.lock. Run 'pod install' or update your CocoaPods installation.\" >&2\n    exit 1\nfi\n";
			showEnvVarsInLog = 0;
		};
		6D247192287054CE1166C518 /* [CP] Embed Pods Frameworks */ = {
			isa = PBXShellScriptBuildPhase;
			buildActionMask = 2147483647;
			files = (
			);
			inputPaths = (
			);
			name = "[CP] Embed Pods Frameworks";
			outputPaths = (
			);
			runOnlyForDeploymentPostprocessing = 0;
			shellPath = /bin/sh;
			shellScript = "\"${SRCROOT}/Pods/Target Support Files/Pods-ALI-SchemaTests/Pods-ALI-SchemaTests-frameworks.sh\"\n";
			showEnvVarsInLog = 0;
		};
		74EF67CAD50AEAF80153C77A /* [CP] Copy Pods Resources */ = {
			isa = PBXShellScriptBuildPhase;
			buildActionMask = 2147483647;
			files = (
			);
			inputPaths = (
			);
			name = "[CP] Copy Pods Resources";
			outputPaths = (
			);
			runOnlyForDeploymentPostprocessing = 0;
			shellPath = /bin/sh;
			shellScript = "\"${SRCROOT}/Pods/Target Support Files/Pods-ALI-Schema/Pods-ALI-Schema-resources.sh\"\n";
			showEnvVarsInLog = 0;
		};
		A13137191F4C007200E777DE /* ShellScript */ = {
			isa = PBXShellScriptBuildPhase;
			buildActionMask = 2147483647;
			files = (
			);
			inputPaths = (
			);
			outputPaths = (
			);
			runOnlyForDeploymentPostprocessing = 0;
			shellPath = /bin/bash;
			shellScript = "buildNumber=$(/usr/libexec/PlistBuddy -c \"Print CFBundleVersion\" \"${PROJECT_DIR}/${INFOPLIST_FILE}\")\nbuildNumber=$(($buildNumber + 1))\n/usr/libexec/PlistBuddy -c \"Set :CFBundleVersion $buildNumber\" \"${PROJECT_DIR}/${INFOPLIST_FILE}\"";
		};
		A6C13E3F34C35F7146336121 /* [CP] Embed Pods Frameworks */ = {
			isa = PBXShellScriptBuildPhase;
			buildActionMask = 2147483647;
			files = (
			);
			inputPaths = (
			);
			name = "[CP] Embed Pods Frameworks";
			outputPaths = (
			);
			runOnlyForDeploymentPostprocessing = 0;
			shellPath = /bin/sh;
			shellScript = "\"${SRCROOT}/Pods/Target Support Files/Pods-ALI-Schema/Pods-ALI-Schema-frameworks.sh\"\n";
			showEnvVarsInLog = 0;
		};
		B6F88A87ED6D5D7F2C4E0D33 /* [CP] Copy Pods Resources */ = {
			isa = PBXShellScriptBuildPhase;
			buildActionMask = 2147483647;
			files = (
			);
			inputPaths = (
			);
			name = "[CP] Copy Pods Resources";
			outputPaths = (
			);
			runOnlyForDeploymentPostprocessing = 0;
			shellPath = /bin/sh;
			shellScript = "\"${SRCROOT}/Pods/Target Support Files/Pods-ALI-SchemaUITests/Pods-ALI-SchemaUITests-resources.sh\"\n";
			showEnvVarsInLog = 0;
		};
		D07F1C47DDB2B16C4A044D61 /* [CP] Check Pods Manifest.lock */ = {
			isa = PBXShellScriptBuildPhase;
			buildActionMask = 2147483647;
			files = (
			);
			inputPaths = (
			);
			name = "[CP] Check Pods Manifest.lock";
			outputPaths = (
			);
			runOnlyForDeploymentPostprocessing = 0;
			shellPath = /bin/sh;
			shellScript = "diff \"${PODS_ROOT}/../Podfile.lock\" \"${PODS_ROOT}/Manifest.lock\" > /dev/null\nif [ $? != 0 ] ; then\n    # print error to STDERR\n    echo \"error: The sandbox is not in sync with the Podfile.lock. Run 'pod install' or update your CocoaPods installation.\" >&2\n    exit 1\nfi\n";
			showEnvVarsInLog = 0;
		};
		E822EF0A69D830AF463FE95A /* [CP] Copy Pods Resources */ = {
			isa = PBXShellScriptBuildPhase;
			buildActionMask = 2147483647;
			files = (
			);
			inputPaths = (
			);
			name = "[CP] Copy Pods Resources";
			outputPaths = (
			);
			runOnlyForDeploymentPostprocessing = 0;
			shellPath = /bin/sh;
			shellScript = "\"${SRCROOT}/Pods/Target Support Files/Pods-ALI-SchemaTests/Pods-ALI-SchemaTests-resources.sh\"\n";
			showEnvVarsInLog = 0;
		};
/* End PBXShellScriptBuildPhase section */

/* Begin PBXSourcesBuildPhase section */
		A1ACAED61F4BFFB90082BD34 /* Sources */ = {
			isa = PBXSourcesBuildPhase;
			buildActionMask = 2147483647;
			files = (
				A1ACAEE21F4BFFB90082BD34 /* main.m in Sources */,
				A131371E1F4C073000E777DE /* MainViewController.m in Sources */,
				A1EF3B6C1F4C19B90025A263 /* AddViewController.m in Sources */,
				A1ACAEDF1F4BFFB90082BD34 /* AppDelegate.m in Sources */,
			);
			runOnlyForDeploymentPostprocessing = 0;
		};
		A1ACAEEC1F4BFFB90082BD34 /* Sources */ = {
			isa = PBXSourcesBuildPhase;
			buildActionMask = 2147483647;
			files = (
				A1ACAEF51F4BFFB90082BD34 /* ALI_SchemaTests.m in Sources */,
			);
			runOnlyForDeploymentPostprocessing = 0;
		};
		A1ACAEF71F4BFFB90082BD34 /* Sources */ = {
			isa = PBXSourcesBuildPhase;
			buildActionMask = 2147483647;
			files = (
				A1ACAF001F4BFFB90082BD34 /* ALI_SchemaUITests.m in Sources */,
			);
			runOnlyForDeploymentPostprocessing = 0;
		};
/* End PBXSourcesBuildPhase section */

/* Begin PBXTargetDependency section */
		A1ACAEF21F4BFFB90082BD34 /* PBXTargetDependency */ = {
			isa = PBXTargetDependency;
			target = A1ACAED91F4BFFB90082BD34 /* ALI-Schema */;
			targetProxy = A1ACAEF11F4BFFB90082BD34 /* PBXContainerItemProxy */;
		};
		A1ACAEFD1F4BFFB90082BD34 /* PBXTargetDependency */ = {
			isa = PBXTargetDependency;
			target = A1ACAED91F4BFFB90082BD34 /* ALI-Schema */;
			targetProxy = A1ACAEFC1F4BFFB90082BD34 /* PBXContainerItemProxy */;
		};
/* End PBXTargetDependency section */

/* Begin PBXVariantGroup section */
		A1ACAEE81F4BFFB90082BD34 /* Main.storyboard */ = {
			isa = PBXVariantGroup;
			children = (
				A1ACAEE91F4BFFB90082BD34 /* Base */,
			);
			name = Main.storyboard;
			sourceTree = "<group>";
		};
/* End PBXVariantGroup section */

/* Begin XCBuildConfiguration section */
		A1ACAF021F4BFFB90082BD34 /* Debug */ = {
			isa = XCBuildConfiguration;
			buildSettings = {
				ALWAYS_SEARCH_USER_PATHS = NO;
				CLANG_ANALYZER_NONNULL = YES;
				CLANG_ANALYZER_NUMBER_OBJECT_CONVERSION = YES_AGGRESSIVE;
				CLANG_CXX_LANGUAGE_STANDARD = "gnu++0x";
				CLANG_CXX_LIBRARY = "libc++";
				CLANG_ENABLE_MODULES = YES;
				CLANG_ENABLE_OBJC_ARC = YES;
				CLANG_WARN_BOOL_CONVERSION = YES;
				CLANG_WARN_CONSTANT_CONVERSION = YES;
				CLANG_WARN_DIRECT_OBJC_ISA_USAGE = YES_ERROR;
				CLANG_WARN_DOCUMENTATION_COMMENTS = YES;
				CLANG_WARN_EMPTY_BODY = YES;
				CLANG_WARN_ENUM_CONVERSION = YES;
				CLANG_WARN_INFINITE_RECURSION = YES;
				CLANG_WARN_INT_CONVERSION = YES;
				CLANG_WARN_OBJC_ROOT_CLASS = YES_ERROR;
				CLANG_WARN_SUSPICIOUS_MOVE = YES;
				CLANG_WARN_UNREACHABLE_CODE = YES;
				CLANG_WARN__DUPLICATE_METHOD_MATCH = YES;
				CODE_SIGN_IDENTITY = "-";
				COPY_PHASE_STRIP = NO;
				DEBUG_INFORMATION_FORMAT = dwarf;
				ENABLE_STRICT_OBJC_MSGSEND = YES;
				ENABLE_TESTABILITY = YES;
				GCC_C_LANGUAGE_STANDARD = gnu99;
				GCC_DYNAMIC_NO_PIC = NO;
				GCC_NO_COMMON_BLOCKS = YES;
				GCC_OPTIMIZATION_LEVEL = 0;
				GCC_PREPROCESSOR_DEFINITIONS = (
					"DEBUG=1",
					"$(inherited)",
				);
				GCC_WARN_64_TO_32_BIT_CONVERSION = YES;
				GCC_WARN_ABOUT_RETURN_TYPE = YES_ERROR;
				GCC_WARN_UNDECLARED_SELECTOR = YES;
				GCC_WARN_UNINITIALIZED_AUTOS = YES_AGGRESSIVE;
				GCC_WARN_UNUSED_FUNCTION = YES;
				GCC_WARN_UNUSED_VARIABLE = YES;
				MACOSX_DEPLOYMENT_TARGET = 10.12;
				MTL_ENABLE_DEBUG_INFO = YES;
				ONLY_ACTIVE_ARCH = YES;
				SDKROOT = macosx;
			};
			name = Debug;
		};
		A1ACAF031F4BFFB90082BD34 /* Release */ = {
			isa = XCBuildConfiguration;
			buildSettings = {
				ALWAYS_SEARCH_USER_PATHS = NO;
				CLANG_ANALYZER_NONNULL = YES;
				CLANG_ANALYZER_NUMBER_OBJECT_CONVERSION = YES_AGGRESSIVE;
				CLANG_CXX_LANGUAGE_STANDARD = "gnu++0x";
				CLANG_CXX_LIBRARY = "libc++";
				CLANG_ENABLE_MODULES = YES;
				CLANG_ENABLE_OBJC_ARC = YES;
				CLANG_WARN_BOOL_CONVERSION = YES;
				CLANG_WARN_CONSTANT_CONVERSION = YES;
				CLANG_WARN_DIRECT_OBJC_ISA_USAGE = YES_ERROR;
				CLANG_WARN_DOCUMENTATION_COMMENTS = YES;
				CLANG_WARN_EMPTY_BODY = YES;
				CLANG_WARN_ENUM_CONVERSION = YES;
				CLANG_WARN_INFINITE_RECURSION = YES;
				CLANG_WARN_INT_CONVERSION = YES;
				CLANG_WARN_OBJC_ROOT_CLASS = YES_ERROR;
				CLANG_WARN_SUSPICIOUS_MOVE = YES;
				CLANG_WARN_UNREACHABLE_CODE = YES;
				CLANG_WARN__DUPLICATE_METHOD_MATCH = YES;
				CODE_SIGN_IDENTITY = "-";
				COPY_PHASE_STRIP = NO;
				DEBUG_INFORMATION_FORMAT = "dwarf-with-dsym";
				ENABLE_NS_ASSERTIONS = NO;
				ENABLE_STRICT_OBJC_MSGSEND = YES;
				GCC_C_LANGUAGE_STANDARD = gnu99;
				GCC_NO_COMMON_BLOCKS = YES;
				GCC_WARN_64_TO_32_BIT_CONVERSION = YES;
				GCC_WARN_ABOUT_RETURN_TYPE = YES_ERROR;
				GCC_WARN_UNDECLARED_SELECTOR = YES;
				GCC_WARN_UNINITIALIZED_AUTOS = YES_AGGRESSIVE;
				GCC_WARN_UNUSED_FUNCTION = YES;
				GCC_WARN_UNUSED_VARIABLE = YES;
				MACOSX_DEPLOYMENT_TARGET = 10.12;
				MTL_ENABLE_DEBUG_INFO = NO;
				SDKROOT = macosx;
			};
			name = Release;
		};
		A1ACAF051F4BFFB90082BD34 /* Debug */ = {
			isa = XCBuildConfiguration;
			baseConfigurationReference = 43BA99EFE65614C66F629EB9 /* Pods-ALI-Schema.debug.xcconfig */;
			buildSettings = {
				ASSETCATALOG_COMPILER_APPICON_NAME = AppIcon;
				CODE_SIGN_IDENTITY = "Mac Developer";
				COMBINE_HIDPI_IMAGES = YES;
				DEVELOPMENT_TEAM = "";
				INFOPLIST_FILE = "ALI-Schema/Info.plist";
				LD_RUNPATH_SEARCH_PATHS = "$(inherited) @executable_path/../Frameworks";
				MACOSX_DEPLOYMENT_TARGET = 10.10;
				PRODUCT_BUNDLE_IDENTIFIER = "am.alite.ALI-Schema";
				PRODUCT_NAME = "$(TARGET_NAME)";
				PROVISIONING_PROFILE_SPECIFIER = "";
			};
			name = Debug;
		};
		A1ACAF061F4BFFB90082BD34 /* Release */ = {
			isa = XCBuildConfiguration;
			baseConfigurationReference = D401AD59D99EF9CA4E490D6C /* Pods-ALI-Schema.release.xcconfig */;
			buildSettings = {
				ASSETCATALOG_COMPILER_APPICON_NAME = AppIcon;
				CODE_SIGN_IDENTITY = "Mac Developer";
				COMBINE_HIDPI_IMAGES = YES;
				DEVELOPMENT_TEAM = "";
				INFOPLIST_FILE = "ALI-Schema/Info.plist";
				LD_RUNPATH_SEARCH_PATHS = "$(inherited) @executable_path/../Frameworks";
				MACOSX_DEPLOYMENT_TARGET = 10.10;
				PRODUCT_BUNDLE_IDENTIFIER = "am.alite.ALI-Schema";
				PRODUCT_NAME = "$(TARGET_NAME)";
				PROVISIONING_PROFILE_SPECIFIER = "";
			};
			name = Release;
		};
		A1ACAF081F4BFFB90082BD34 /* Debug */ = {
			isa = XCBuildConfiguration;
			baseConfigurationReference = 7F6E7C7769B41723F94E994D /* Pods-ALI-SchemaTests.debug.xcconfig */;
			buildSettings = {
				BUNDLE_LOADER = "$(TEST_HOST)";
				COMBINE_HIDPI_IMAGES = YES;
				DEVELOPMENT_TEAM = R984C6N435;
				INFOPLIST_FILE = "ALI-SchemaTests/Info.plist";
				LD_RUNPATH_SEARCH_PATHS = "$(inherited) @executable_path/../Frameworks @loader_path/../Frameworks";
				PRODUCT_BUNDLE_IDENTIFIER = "am.alite.ALI-SchemaTests";
				PRODUCT_NAME = "$(TARGET_NAME)";
				TEST_HOST = "$(BUILT_PRODUCTS_DIR)/ALI-Schema.app/Contents/MacOS/ALI-Schema";
			};
			name = Debug;
		};
		A1ACAF091F4BFFB90082BD34 /* Release */ = {
			isa = XCBuildConfiguration;
			baseConfigurationReference = CB9BF11E482929DD727E9D4E /* Pods-ALI-SchemaTests.release.xcconfig */;
			buildSettings = {
				BUNDLE_LOADER = "$(TEST_HOST)";
				COMBINE_HIDPI_IMAGES = YES;
				DEVELOPMENT_TEAM = R984C6N435;
				INFOPLIST_FILE = "ALI-SchemaTests/Info.plist";
				LD_RUNPATH_SEARCH_PATHS = "$(inherited) @executable_path/../Frameworks @loader_path/../Frameworks";
				PRODUCT_BUNDLE_IDENTIFIER = "am.alite.ALI-SchemaTests";
				PRODUCT_NAME = "$(TARGET_NAME)";
				TEST_HOST = "$(BUILT_PRODUCTS_DIR)/ALI-Schema.app/Contents/MacOS/ALI-Schema";
			};
			name = Release;
		};
		A1ACAF0B1F4BFFB90082BD34 /* Debug */ = {
			isa = XCBuildConfiguration;
			baseConfigurationReference = 0E99B7239F5E46C0CD0D10D3 /* Pods-ALI-SchemaUITests.debug.xcconfig */;
			buildSettings = {
				COMBINE_HIDPI_IMAGES = YES;
				DEVELOPMENT_TEAM = R984C6N435;
				INFOPLIST_FILE = "ALI-SchemaUITests/Info.plist";
				LD_RUNPATH_SEARCH_PATHS = "$(inherited) @executable_path/../Frameworks @loader_path/../Frameworks";
				PRODUCT_BUNDLE_IDENTIFIER = "am.alite.ALI-SchemaUITests";
				PRODUCT_NAME = "$(TARGET_NAME)";
				TEST_TARGET_NAME = "ALI-Schema";
			};
			name = Debug;
		};
		A1ACAF0C1F4BFFB90082BD34 /* Release */ = {
			isa = XCBuildConfiguration;
			baseConfigurationReference = 814A930C45CDEDA5EF130001 /* Pods-ALI-SchemaUITests.release.xcconfig */;
			buildSettings = {
				COMBINE_HIDPI_IMAGES = YES;
				DEVELOPMENT_TEAM = R984C6N435;
				INFOPLIST_FILE = "ALI-SchemaUITests/Info.plist";
				LD_RUNPATH_SEARCH_PATHS = "$(inherited) @executable_path/../Frameworks @loader_path/../Frameworks";
				PRODUCT_BUNDLE_IDENTIFIER = "am.alite.ALI-SchemaUITests";
				PRODUCT_NAME = "$(TARGET_NAME)";
				TEST_TARGET_NAME = "ALI-Schema";
			};
			name = Release;
		};
/* End XCBuildConfiguration section */

/* Begin XCConfigurationList section */
		A1ACAED51F4BFFB90082BD34 /* Build configuration list for PBXProject "ALI-Schema" */ = {
			isa = XCConfigurationList;
			buildConfigurations = (
				A1ACAF021F4BFFB90082BD34 /* Debug */,
				A1ACAF031F4BFFB90082BD34 /* Release */,
			);
			defaultConfigurationIsVisible = 0;
			defaultConfigurationName = Release;
		};
		A1ACAF041F4BFFB90082BD34 /* Build configuration list for PBXNativeTarget "ALI-Schema" */ = {
			isa = XCConfigurationList;
			buildConfigurations = (
				A1ACAF051F4BFFB90082BD34 /* Debug */,
				A1ACAF061F4BFFB90082BD34 /* Release */,
			);
			defaultConfigurationIsVisible = 0;
			defaultConfigurationName = Release;
		};
		A1ACAF071F4BFFB90082BD34 /* Build configuration list for PBXNativeTarget "ALI-SchemaTests" */ = {
			isa = XCConfigurationList;
			buildConfigurations = (
				A1ACAF081F4BFFB90082BD34 /* Debug */,
				A1ACAF091F4BFFB90082BD34 /* Release */,
			);
			defaultConfigurationIsVisible = 0;
			defaultConfigurationName = Release;
		};
		A1ACAF0A1F4BFFB90082BD34 /* Build configuration list for PBXNativeTarget "ALI-SchemaUITests" */ = {
			isa = XCConfigurationList;
			buildConfigurations = (
				A1ACAF0B1F4BFFB90082BD34 /* Debug */,
				A1ACAF0C1F4BFFB90082BD34 /* Release */,
			);
			defaultConfigurationIsVisible = 0;
			defaultConfigurationName = Release;
		};
/* End XCConfigurationList section */
	};
	rootObject = A1ACAED21F4BFFB90082BD34 /* Project object */;
}
